
Microsoft Visual Studio Solution File, Format Version 12.00
# Visual Studio Version 17
VisualStudioVersion = 17.7.34031.279
MinimumVisualStudioVersion = 10.0.40219.1
Project("{9A19103F-16F7-4668-BE54-9A1E7A4F7556}") = "API.Gateway", "API.Gateway\API.Gateway.csproj", "{3236514E-216D-40EA-966D-8F60900DD7C2}"
EndProject
Project("{9A19103F-16F7-4668-BE54-9A1E7A4F7556}") = "Product.API", "Product.API\Product.API.csproj", "{38F92FFF-E801-4B04-9BEC-F89AB00B0798}"
EndProject
Project("{E53339B2-1760-4266-BCC7-CA923CBCF16C}") = "docker-compose", "docker-compose.dcproj", "{8CE50E93-B60B-44E5-8412-F059BAD61151}"
EndProject
Project("{9A19103F-16F7-4668-BE54-9A1E7A4F7556}") = "User.Auth.API", "User.Auth.API\User.Auth.API.csproj", "{6BD3FA32-5C80-418D-95D3-9BEB9A0B3269}"
EndProject
Project("{9A19103F-16F7-4668-BE54-9A1E7A4F7556}") = "JWTAuthManager", "JWTAuthManager\JWTAuthManager.csproj", "{75EC3FEE-438F-427F-8DA7-5E9F16E9ADB3}"
EndProject
Project("{9A19103F-16F7-4668-BE54-9A1E7A4F7556}") = "Cart.API", "Cart.API\Cart.API.csproj", "{99578359-2084-43FE-9E3E-B609B9F2C72D}"
EndProject
Project("{9A19103F-16F7-4668-BE54-9A1E7A4F7556}") = "Inventory.API", "Inventory.API\Inventory.API.csproj", "{4E8E90AF-0C8F-473B-A6D6-90431033F85E}"
EndProject
Project("{9A19103F-16F7-4668-BE54-9A1E7A4F7556}") = "Order.API", "Order.API\Order.API.csproj", "{80722305-E926-4507-B1EE-09EB64515798}"
EndProject
Project("{9A19103F-16F7-4668-BE54-9A1E7A4F7556}") = "MessageEvents", "MessageEvents\MessageEvents.csproj", "{70C6DE6A-4742-407A-BF31-0C4903133082}"
EndProject
Project("{2150E333-8FDC-42A3-9474-1A3956D46DE8}") = "Services", "Services", "{79F82B4E-7783-4F88-A65C-093A510734F3}"
EndProject
Project("{2150E333-8FDC-42A3-9474-1A3956D46DE8}") = "APIGateway", "APIGateway", "{6B71758E-0FF3-4307-B74D-13D940B6CB7A}"
EndProject
Project("{2150E333-8FDC-42A3-9474-1A3956D46DE8}") = "Shared", "Shared", "{B86D9B88-024E-4AAA-9589-54D84AF5CA18}"
EndProject
Project("{FAE04EC0-301F-11D3-BF4B-00C04F79EFBC}") = "ExceptionManager", "ExceptionManager\ExceptionManager.csproj", "{61CD1A9D-3A90-4598-A7D9-3B1B1D25F335}"
EndProject
Global
	GlobalSection(SolutionConfigurationPlatforms) = preSolution
		Debug|Any CPU = Debug|Any CPU
		Release|Any CPU = Release|Any CPU
	EndGlobalSection
	GlobalSection(ProjectConfigurationPlatforms) = postSolution
		{3236514E-216D-40EA-966D-8F60900DD7C2}.Debug|Any CPU.ActiveCfg = Debug|Any CPU
		{3236514E-216D-40EA-966D-8F60900DD7C2}.Debug|Any CPU.Build.0 = Debug|Any CPU
		{3236514E-216D-40EA-966D-8F60900DD7C2}.Release|Any CPU.ActiveCfg = Release|Any CPU
		{3236514E-216D-40EA-966D-8F60900DD7C2}.Release|Any CPU.Build.0 = Release|Any CPU
		{38F92FFF-E801-4B04-9BEC-F89AB00B0798}.Debug|Any CPU.ActiveCfg = Debug|Any CPU
		{38F92FFF-E801-4B04-9BEC-F89AB00B0798}.Debug|Any CPU.Build.0 = Debug|Any CPU
		{38F92FFF-E801-4B04-9BEC-F89AB00B0798}.Release|Any CPU.ActiveCfg = Release|Any CPU
		{38F92FFF-E801-4B04-9BEC-F89AB00B0798}.Release|Any CPU.Build.0 = Release|Any CPU
		{8CE50E93-B60B-44E5-8412-F059BAD61151}.Debug|Any CPU.ActiveCfg = Debug|Any CPU
		{8CE50E93-B60B-44E5-8412-F059BAD61151}.Debug|Any CPU.Build.0 = Debug|Any CPU
		{8CE50E93-B60B-44E5-8412-F059BAD61151}.Release|Any CPU.ActiveCfg = Release|Any CPU
		{8CE50E93-B60B-44E5-8412-F059BAD61151}.Release|Any CPU.Build.0 = Release|Any CPU
		{6BD3FA32-5C80-418D-95D3-9BEB9A0B3269}.Debug|Any CPU.ActiveCfg = Debug|Any CPU
		{6BD3FA32-5C80-418D-95D3-9BEB9A0B3269}.Debug|Any CPU.Build.0 = Debug|Any CPU
		{6BD3FA32-5C80-418D-95D3-9BEB9A0B3269}.Release|Any CPU.ActiveCfg = Release|Any CPU
		{6BD3FA32-5C80-418D-95D3-9BEB9A0B3269}.Release|Any CPU.Build.0 = Release|Any CPU
		{75EC3FEE-438F-427F-8DA7-5E9F16E9ADB3}.Debug|Any CPU.ActiveCfg = Debug|Any CPU
		{75EC3FEE-438F-427F-8DA7-5E9F16E9ADB3}.Debug|Any CPU.Build.0 = Debug|Any CPU
		{75EC3FEE-438F-427F-8DA7-5E9F16E9ADB3}.Release|Any CPU.ActiveCfg = Release|Any CPU
		{75EC3FEE-438F-427F-8DA7-5E9F16E9ADB3}.Release|Any CPU.Build.0 = Release|Any CPU
		{99578359-2084-43FE-9E3E-B609B9F2C72D}.Debug|Any CPU.ActiveCfg = Debug|Any CPU
		{99578359-2084-43FE-9E3E-B609B9F2C72D}.Debug|Any CPU.Build.0 = Debug|Any CPU
		{99578359-2084-43FE-9E3E-B609B9F2C72D}.Release|Any CPU.ActiveCfg = Release|Any CPU
		{99578359-2084-43FE-9E3E-B609B9F2C72D}.Release|Any CPU.Build.0 = Release|Any CPU
		{4E8E90AF-0C8F-473B-A6D6-90431033F85E}.Debug|Any CPU.ActiveCfg = Debug|Any CPU
		{4E8E90AF-0C8F-473B-A6D6-90431033F85E}.Debug|Any CPU.Build.0 = Debug|Any CPU
		{4E8E90AF-0C8F-473B-A6D6-90431033F85E}.Release|Any CPU.ActiveCfg = Release|Any CPU
		{4E8E90AF-0C8F-473B-A6D6-90431033F85E}.Release|Any CPU.Build.0 = Release|Any CPU
		{80722305-E926-4507-B1EE-09EB64515798}.Debug|Any CPU.ActiveCfg = Debug|Any CPU
		{80722305-E926-4507-B1EE-09EB64515798}.Debug|Any CPU.Build.0 = Debug|Any CPU
		{80722305-E926-4507-B1EE-09EB64515798}.Release|Any CPU.ActiveCfg = Release|Any CPU
		{80722305-E926-4507-B1EE-09EB64515798}.Release|Any CPU.Build.0 = Release|Any CPU
		{70C6DE6A-4742-407A-BF31-0C4903133082}.Debug|Any CPU.ActiveCfg = Debug|Any CPU
		{70C6DE6A-4742-407A-BF31-0C4903133082}.Debug|Any CPU.Build.0 = Debug|Any CPU
		{70C6DE6A-4742-407A-BF31-0C4903133082}.Release|Any CPU.ActiveCfg = Release|Any CPU
		{70C6DE6A-4742-407A-BF31-0C4903133082}.Release|Any CPU.Build.0 = Release|Any CPU
		{61CD1A9D-3A90-4598-A7D9-3B1B1D25F335}.Debug|Any CPU.ActiveCfg = Debug|Any CPU
		{61CD1A9D-3A90-4598-A7D9-3B1B1D25F335}.Debug|Any CPU.Build.0 = Debug|Any CPU
		{61CD1A9D-3A90-4598-A7D9-3B1B1D25F335}.Release|Any CPU.ActiveCfg = Release|Any CPU
		{61CD1A9D-3A90-4598-A7D9-3B1B1D25F335}.Release|Any CPU.Build.0 = Release|Any CPU
	EndGlobalSection
	GlobalSection(SolutionProperties) = preSolution
		HideSolutionNode = FALSE
	EndGlobalSection
	GlobalSection(NestedProjects) = preSolution
		{3236514E-216D-40EA-966D-8F60900DD7C2} = {6B71758E-0FF3-4307-B74D-13D940B6CB7A}
		{38F92FFF-E801-4B04-9BEC-F89AB00B0798} = {79F82B4E-7783-4F88-A65C-093A510734F3}
		{6BD3FA32-5C80-418D-95D3-9BEB9A0B3269} = {79F82B4E-7783-4F88-A65C-093A510734F3}
		{75EC3FEE-438F-427F-8DA7-5E9F16E9ADB3} = {B86D9B88-024E-4AAA-9589-54D84AF5CA18}
		{99578359-2084-43FE-9E3E-B609B9F2C72D} = {79F82B4E-7783-4F88-A65C-093A510734F3}
		{4E8E90AF-0C8F-473B-A6D6-90431033F85E} = {79F82B4E-7783-4F88-A65C-093A510734F3}
		{80722305-E926-4507-B1EE-09EB64515798} = {79F82B4E-7783-4F88-A65C-093A510734F3}
		{70C6DE6A-4742-407A-BF31-0C4903133082} = {B86D9B88-024E-4AAA-9589-54D84AF5CA18}
		{61CD1A9D-3A90-4598-A7D9-3B1B1D25F335} = {B86D9B88-024E-4AAA-9589-54D84AF5CA18}
	EndGlobalSection
	GlobalSection(ExtensibilityGlobals) = postSolution
		SolutionGuid = {9FEDB65F-44D8-4024-A678-0C3C38D0DEE1}
	EndGlobalSection
EndGlobal
